{
  "name": "Rotic",
  "lockfileVersion": 3,
  "requires": true,
  "packages": {
    "": {
      "dependencies": {
        "robotic.file.converter": "^1.1.1"
      }
    },
    "node_modules/robotic.file.converter": {
      "version": "1.1.1",
      "resolved": "https://registry.npmjs.org/robotic.file.converter/-/robotic.file.converter-1.1.1.tgz",
      "integrity": "sha512-43dE8uUoi4bNe3riqWPe6uVZYCbg+ytnunAkq2DkVA1l4KlRjIO8oqZGKFPCeSxGZYqg1VF0DsR17axc7s7+HA=="
    }
  }
}
